
Microsoft Visual Studio Solution File, Format Version 12.00
# Visual Studio 14
VisualStudioVersion = 14.0.24720.0
MinimumVisualStudioVersion = 10.0.40219.1
Project("{FAE04EC0-301F-11D3-BF4B-00C04F79EFBC}") = "DierenAsiel", "DierenAsiel\DierenAsiel.csproj", "{C1013694-FB92-4337-83F3-25C98C74537C}"
EndProject
Project("{FAE04EC0-301F-11D3-BF4B-00C04F79EFBC}") = "DierenAsielTests", "ShelterTest\DierenAsielTests.csproj", "{E50C87F5-3FDD-429A-AFF1-826C14CEE298}"
EndProject
Global
	GlobalSection(SolutionConfigurationPlatforms) = preSolution
		Debug|Any CPU = Debug|Any CPU
		Release|Any CPU = Release|Any CPU
	EndGlobalSection
	GlobalSection(ProjectConfigurationPlatforms) = postSolution
		{C1013694-FB92-4337-83F3-25C98C74537C}.Debug|Any CPU.ActiveCfg = Debug|Any CPU
		{C1013694-FB92-4337-83F3-25C98C74537C}.Debug|Any CPU.Build.0 = Debug|Any CPU
		{C1013694-FB92-4337-83F3-25C98C74537C}.Release|Any CPU.ActiveCfg = Release|Any CPU
		{C1013694-FB92-4337-83F3-25C98C74537C}.Release|Any CPU.Build.0 = Release|Any CPU
		{E50C87F5-3FDD-429A-AFF1-826C14CEE298}.Debug|Any CPU.ActiveCfg = Debug|Any CPU
		{E50C87F5-3FDD-429A-AFF1-826C14CEE298}.Debug|Any CPU.Build.0 = Debug|Any CPU
		{E50C87F5-3FDD-429A-AFF1-826C14CEE298}.Release|Any CPU.ActiveCfg = Release|Any CPU
		{E50C87F5-3FDD-429A-AFF1-826C14CEE298}.Release|Any CPU.Build.0 = Release|Any CPU
	EndGlobalSection
	GlobalSection(SolutionProperties) = preSolution
		HideSolutionNode = FALSE
	EndGlobalSection
EndGlobal
